
Microsoft Visual Studio Solution File, Format Version 12.00
# Visual Studio 2012
Project("{FAE04EC0-301F-11D3-BF4B-00C04F79EFBC}") = "ProtobufPOC", "ProtobufPOC\ProtobufPOC.csproj", "{D1B60696-85FA-4EC9-BF2B-F94B9CE1664B}"
EndProject
Project("{FAE04EC0-301F-11D3-BF4B-00C04F79EFBC}") = "WebClientProtobuf", "HTTPClient\WebClientProtobuf.csproj", "{46868081-F910-40B8-A752-F4F8F1259CC6}"
EndProject
Global
	GlobalSection(SolutionConfigurationPlatforms) = preSolution
		Debug|Any CPU = Debug|Any CPU
		Release|Any CPU = Release|Any CPU
	EndGlobalSection
	GlobalSection(ProjectConfigurationPlatforms) = postSolution
		{D1B60696-85FA-4EC9-BF2B-F94B9CE1664B}.Debug|Any CPU.ActiveCfg = Debug|Any CPU
		{D1B60696-85FA-4EC9-BF2B-F94B9CE1664B}.Debug|Any CPU.Build.0 = Debug|Any CPU
		{D1B60696-85FA-4EC9-BF2B-F94B9CE1664B}.Release|Any CPU.ActiveCfg = Release|Any CPU
		{D1B60696-85FA-4EC9-BF2B-F94B9CE1664B}.Release|Any CPU.Build.0 = Release|Any CPU
		{46868081-F910-40B8-A752-F4F8F1259CC6}.Debug|Any CPU.ActiveCfg = Debug|Any CPU
		{46868081-F910-40B8-A752-F4F8F1259CC6}.Debug|Any CPU.Build.0 = Debug|Any CPU
		{46868081-F910-40B8-A752-F4F8F1259CC6}.Release|Any CPU.ActiveCfg = Release|Any CPU
		{46868081-F910-40B8-A752-F4F8F1259CC6}.Release|Any CPU.Build.0 = Release|Any CPU
	EndGlobalSection
EndGlobal
